
Microsoft Visual Studio Solution File, Format Version 12.00
# Visual Studio Version 16
VisualStudioVersion = 16.0.32510.428
MinimumVisualStudioVersion = 10.0.40219.1
Project("{FAE04EC0-301F-11D3-BF4B-00C04F79EFBC}") = "Colorado.Viewer", "Colorado.Viewer\Colorado.Viewer.csproj", "{ECD48360-9AC6-4AD8-BF68-30013A19A616}"
EndProject
Project("{2150E333-8FDC-42A3-9474-1A3956D46DE8}") = "Rendering", "Rendering", "{E482E8CF-6F4A-4B95-89F3-9DF37A8B4A6C}"
EndProject
Project("{2150E333-8FDC-42A3-9474-1A3956D46DE8}") = "Common", "Common", "{CF6C449F-93FE-4340-9226-158AEAA940D0}"
EndProject
Project("{2150E333-8FDC-42A3-9474-1A3956D46DE8}") = "UI", "UI", "{15E3B235-1200-4541-B6D9-FC180D71E3E9}"
EndProject
Project("{FAE04EC0-301F-11D3-BF4B-00C04F79EFBC}") = "Colorado.Common.UI.WPF", "Common\UI\Colorado.Common.UI.WPF\Colorado.Common.UI.WPF.csproj", "{3D43D2FF-71FD-46B9-A866-D06AFBC880EA}"
EndProject
Project("{2150E333-8FDC-42A3-9474-1A3956D46DE8}") = "Controls", "Controls", "{4C8DE3D7-D113-4951-A6FD-105D9FD46FA0}"
EndProject
Project("{FAE04EC0-301F-11D3-BF4B-00C04F79EFBC}") = "Colorado.Rendering.Controls.WPF", "Rendering\Controls\Colorado.Rendering.Controls.WPF\Colorado.Rendering.Controls.WPF.csproj", "{B89A9506-2F00-4410-8511-070184256CE9}"
EndProject
Project("{FAE04EC0-301F-11D3-BF4B-00C04F79EFBC}") = "Colorado.Rendering.Controls.WinForms", "Rendering\Controls\Colorado.Rendering.Controls.WinForms\Colorado.Rendering.Controls.WinForms.csproj", "{F6267804-9768-430D-8C05-8F0B851FB213}"
EndProject
Project("{FAE04EC0-301F-11D3-BF4B-00C04F79EFBC}") = "Colorado.Rendering.Controls.Abstractions", "Rendering\Controls\Colorado.Rendering.Controls.Abstractions\Colorado.Rendering.Controls.Abstractions.csproj", "{A38B2988-D610-44D0-88F6-30F47596BFF4}"
EndProject
Project("{2150E333-8FDC-42A3-9474-1A3956D46DE8}") = "OpenGL", "OpenGL", "{6F39460B-00A0-4072-ACEB-1B57E4403905}"
EndProject
Project("{FAE04EC0-301F-11D3-BF4B-00C04F79EFBC}") = "Colorado.Rendering.Controls.OpenGL.RenderingControl", "Rendering\Controls\OpenGL\Colorado.Rendering.Controls.OpenGL.OpenGLRenderingControl\Colorado.Rendering.Controls.OpenGL.RenderingControl.csproj", "{198D1F68-0E1A-4F71-B491-93C971000983}"
EndProject
Project("{FAE04EC0-301F-11D3-BF4B-00C04F79EFBC}") = "Colorado.Services", "Colorado.Services\Colorado.Services.csproj", "{61B1A19A-F955-40A8-8362-30A873210C93}"
EndProject
Project("{FAE04EC0-301F-11D3-BF4B-00C04F79EFBC}") = "Colorado.Rendering.Controls.OpenGL.OpenGLAPI", "Rendering\Controls\OpenGL\Colorado.Rendering.Controls.OpenGL.OpenGLAPI\Colorado.Rendering.Controls.OpenGL.OpenGLAPI.csproj", "{CFD546C7-F105-4ACC-AE45-AF5AE0B18585}"
EndProject
Project("{FAE04EC0-301F-11D3-BF4B-00C04F79EFBC}") = "Colorado.Common", "Common\Colorado.Common\Colorado.Common.csproj", "{31A1C5FF-2AA7-4D8E-BD3A-FE5A65CCBD86}"
EndProject
Project("{FAE04EC0-301F-11D3-BF4B-00C04F79EFBC}") = "Colorado.MeshStructure", "Colorado.MeshStructure\Colorado.MeshStructure.csproj", "{555438E4-8B4A-42CA-9CE4-6EAC23E6A876}"
EndProject
Project("{FAE04EC0-301F-11D3-BF4B-00C04F79EFBC}") = "Colorado.ModelStructure", "Colorado.ModelStructure\Colorado.ModelStructure.csproj", "{019AE9B4-E029-4CF9-92D9-0156E572FD17}"
EndProject
Project("{FAE04EC0-301F-11D3-BF4B-00C04F79EFBC}") = "Colorado.Rendering.Lighting", "Rendering\Colorado.Rendering.Lighting\Colorado.Rendering.Lighting.csproj", "{085F3C7E-1EB2-4FF3-A1D0-5E2ABC6F88F0}"
EndProject
Project("{2150E333-8FDC-42A3-9474-1A3956D46DE8}") = "Geometry", "Geometry", "{D91C968D-31EE-4FCB-B8A5-337CECA591F2}"
EndProject
Project("{FAE04EC0-301F-11D3-BF4B-00C04F79EFBC}") = "Colorado.Geometry.Abstractions", "Geometry\Colorado.Geometry.Abstractions\Colorado.Geometry.Abstractions.csproj", "{66776921-8D73-4ACD-B303-548DAA49BABA}"
EndProject
Project("{FAE04EC0-301F-11D3-BF4B-00C04F79EFBC}") = "Colorado.Geometry.Structures", "Geometry\Colorado.Geometry.Structures\Colorado.Geometry.Structures.csproj", "{028909B9-9066-4FEA-857C-887136578E93}"
EndProject
Project("{2150E333-8FDC-42A3-9474-1A3956D46DE8}") = "FileReaders", "FileReaders", "{1B06542B-F745-41FF-8054-347EDCC9F981}"
EndProject
Project("{FAE04EC0-301F-11D3-BF4B-00C04F79EFBC}") = "Colorado.FileReaders.STLFileReaders", "FileReaders\Colorado.FileReaders.STLFileReaders\Colorado.FileReaders.STLFileReaders.csproj", "{5B4C1C68-5ED8-4202-ADAE-70E7F0F03348}"
EndProject
Global
	GlobalSection(SolutionConfigurationPlatforms) = preSolution
		Debug|Any CPU = Debug|Any CPU
		Debug|x64 = Debug|x64
		Release|Any CPU = Release|Any CPU
		Release|x64 = Release|x64
	EndGlobalSection
	GlobalSection(ProjectConfigurationPlatforms) = postSolution
		{ECD48360-9AC6-4AD8-BF68-30013A19A616}.Debug|Any CPU.ActiveCfg = Debug|x64
		{ECD48360-9AC6-4AD8-BF68-30013A19A616}.Debug|x64.ActiveCfg = Debug|x64
		{ECD48360-9AC6-4AD8-BF68-30013A19A616}.Debug|x64.Build.0 = Debug|x64
		{ECD48360-9AC6-4AD8-BF68-30013A19A616}.Release|Any CPU.ActiveCfg = Release|x64
		{ECD48360-9AC6-4AD8-BF68-30013A19A616}.Release|x64.ActiveCfg = Release|x64
		{ECD48360-9AC6-4AD8-BF68-30013A19A616}.Release|x64.Build.0 = Release|x64
		{3D43D2FF-71FD-46B9-A866-D06AFBC880EA}.Debug|Any CPU.ActiveCfg = Debug|x64
		{3D43D2FF-71FD-46B9-A866-D06AFBC880EA}.Debug|x64.ActiveCfg = Debug|x64
		{3D43D2FF-71FD-46B9-A866-D06AFBC880EA}.Debug|x64.Build.0 = Debug|x64
		{3D43D2FF-71FD-46B9-A866-D06AFBC880EA}.Release|Any CPU.ActiveCfg = Release|x64
		{3D43D2FF-71FD-46B9-A866-D06AFBC880EA}.Release|x64.ActiveCfg = Release|x64
		{3D43D2FF-71FD-46B9-A866-D06AFBC880EA}.Release|x64.Build.0 = Release|x64
		{B89A9506-2F00-4410-8511-070184256CE9}.Debug|Any CPU.ActiveCfg = Debug|x64
		{B89A9506-2F00-4410-8511-070184256CE9}.Debug|x64.ActiveCfg = Debug|x64
		{B89A9506-2F00-4410-8511-070184256CE9}.Debug|x64.Build.0 = Debug|x64
		{B89A9506-2F00-4410-8511-070184256CE9}.Release|Any CPU.ActiveCfg = Release|x64
		{B89A9506-2F00-4410-8511-070184256CE9}.Release|x64.ActiveCfg = Release|x64
		{B89A9506-2F00-4410-8511-070184256CE9}.Release|x64.Build.0 = Release|x64
		{F6267804-9768-430D-8C05-8F0B851FB213}.Debug|Any CPU.ActiveCfg = Debug|x64
		{F6267804-9768-430D-8C05-8F0B851FB213}.Debug|x64.ActiveCfg = Debug|x64
		{F6267804-9768-430D-8C05-8F0B851FB213}.Debug|x64.Build.0 = Debug|x64
		{F6267804-9768-430D-8C05-8F0B851FB213}.Release|Any CPU.ActiveCfg = Release|x64
		{F6267804-9768-430D-8C05-8F0B851FB213}.Release|x64.ActiveCfg = Release|x64
		{F6267804-9768-430D-8C05-8F0B851FB213}.Release|x64.Build.0 = Release|x64
		{A38B2988-D610-44D0-88F6-30F47596BFF4}.Debug|Any CPU.ActiveCfg = Debug|Any CPU
		{A38B2988-D610-44D0-88F6-30F47596BFF4}.Debug|Any CPU.Build.0 = Debug|Any CPU
		{A38B2988-D610-44D0-88F6-30F47596BFF4}.Debug|x64.ActiveCfg = Debug|Any CPU
		{A38B2988-D610-44D0-88F6-30F47596BFF4}.Debug|x64.Build.0 = Debug|Any CPU
		{A38B2988-D610-44D0-88F6-30F47596BFF4}.Release|Any CPU.ActiveCfg = Release|Any CPU
		{A38B2988-D610-44D0-88F6-30F47596BFF4}.Release|Any CPU.Build.0 = Release|Any CPU
		{A38B2988-D610-44D0-88F6-30F47596BFF4}.Release|x64.ActiveCfg = Release|Any CPU
		{A38B2988-D610-44D0-88F6-30F47596BFF4}.Release|x64.Build.0 = Release|Any CPU
		{198D1F68-0E1A-4F71-B491-93C971000983}.Debug|Any CPU.ActiveCfg = Debug|Any CPU
		{198D1F68-0E1A-4F71-B491-93C971000983}.Debug|Any CPU.Build.0 = Debug|Any CPU
		{198D1F68-0E1A-4F71-B491-93C971000983}.Debug|x64.ActiveCfg = Debug|Any CPU
		{198D1F68-0E1A-4F71-B491-93C971000983}.Debug|x64.Build.0 = Debug|Any CPU
		{198D1F68-0E1A-4F71-B491-93C971000983}.Release|Any CPU.ActiveCfg = Release|Any CPU
		{198D1F68-0E1A-4F71-B491-93C971000983}.Release|Any CPU.Build.0 = Release|Any CPU
		{198D1F68-0E1A-4F71-B491-93C971000983}.Release|x64.ActiveCfg = Release|Any CPU
		{198D1F68-0E1A-4F71-B491-93C971000983}.Release|x64.Build.0 = Release|Any CPU
		{61B1A19A-F955-40A8-8362-30A873210C93}.Debug|Any CPU.ActiveCfg = Debug|Any CPU
		{61B1A19A-F955-40A8-8362-30A873210C93}.Debug|Any CPU.Build.0 = Debug|Any CPU
		{61B1A19A-F955-40A8-8362-30A873210C93}.Debug|x64.ActiveCfg = Debug|Any CPU
		{61B1A19A-F955-40A8-8362-30A873210C93}.Debug|x64.Build.0 = Debug|Any CPU
		{61B1A19A-F955-40A8-8362-30A873210C93}.Release|Any CPU.ActiveCfg = Release|Any CPU
		{61B1A19A-F955-40A8-8362-30A873210C93}.Release|Any CPU.Build.0 = Release|Any CPU
		{61B1A19A-F955-40A8-8362-30A873210C93}.Release|x64.ActiveCfg = Release|Any CPU
		{61B1A19A-F955-40A8-8362-30A873210C93}.Release|x64.Build.0 = Release|Any CPU
		{CFD546C7-F105-4ACC-AE45-AF5AE0B18585}.Debug|Any CPU.ActiveCfg = Debug|Any CPU
		{CFD546C7-F105-4ACC-AE45-AF5AE0B18585}.Debug|Any CPU.Build.0 = Debug|Any CPU
		{CFD546C7-F105-4ACC-AE45-AF5AE0B18585}.Debug|x64.ActiveCfg = Debug|Any CPU
		{CFD546C7-F105-4ACC-AE45-AF5AE0B18585}.Debug|x64.Build.0 = Debug|Any CPU
		{CFD546C7-F105-4ACC-AE45-AF5AE0B18585}.Release|Any CPU.ActiveCfg = Release|Any CPU
		{CFD546C7-F105-4ACC-AE45-AF5AE0B18585}.Release|Any CPU.Build.0 = Release|Any CPU
		{CFD546C7-F105-4ACC-AE45-AF5AE0B18585}.Release|x64.ActiveCfg = Release|Any CPU
		{CFD546C7-F105-4ACC-AE45-AF5AE0B18585}.Release|x64.Build.0 = Release|Any CPU
		{31A1C5FF-2AA7-4D8E-BD3A-FE5A65CCBD86}.Debug|Any CPU.ActiveCfg = Debug|Any CPU
		{31A1C5FF-2AA7-4D8E-BD3A-FE5A65CCBD86}.Debug|Any CPU.Build.0 = Debug|Any CPU
		{31A1C5FF-2AA7-4D8E-BD3A-FE5A65CCBD86}.Debug|x64.ActiveCfg = Debug|Any CPU
		{31A1C5FF-2AA7-4D8E-BD3A-FE5A65CCBD86}.Debug|x64.Build.0 = Debug|Any CPU
		{31A1C5FF-2AA7-4D8E-BD3A-FE5A65CCBD86}.Release|Any CPU.ActiveCfg = Release|Any CPU
		{31A1C5FF-2AA7-4D8E-BD3A-FE5A65CCBD86}.Release|Any CPU.Build.0 = Release|Any CPU
		{31A1C5FF-2AA7-4D8E-BD3A-FE5A65CCBD86}.Release|x64.ActiveCfg = Release|Any CPU
		{31A1C5FF-2AA7-4D8E-BD3A-FE5A65CCBD86}.Release|x64.Build.0 = Release|Any CPU
		{555438E4-8B4A-42CA-9CE4-6EAC23E6A876}.Debug|Any CPU.ActiveCfg = Debug|Any CPU
		{555438E4-8B4A-42CA-9CE4-6EAC23E6A876}.Debug|Any CPU.Build.0 = Debug|Any CPU
		{555438E4-8B4A-42CA-9CE4-6EAC23E6A876}.Debug|x64.ActiveCfg = Debug|Any CPU
		{555438E4-8B4A-42CA-9CE4-6EAC23E6A876}.Debug|x64.Build.0 = Debug|Any CPU
		{555438E4-8B4A-42CA-9CE4-6EAC23E6A876}.Release|Any CPU.ActiveCfg = Release|Any CPU
		{555438E4-8B4A-42CA-9CE4-6EAC23E6A876}.Release|Any CPU.Build.0 = Release|Any CPU
		{555438E4-8B4A-42CA-9CE4-6EAC23E6A876}.Release|x64.ActiveCfg = Release|Any CPU
		{555438E4-8B4A-42CA-9CE4-6EAC23E6A876}.Release|x64.Build.0 = Release|Any CPU
		{019AE9B4-E029-4CF9-92D9-0156E572FD17}.Debug|Any CPU.ActiveCfg = Debug|Any CPU
		{019AE9B4-E029-4CF9-92D9-0156E572FD17}.Debug|Any CPU.Build.0 = Debug|Any CPU
		{019AE9B4-E029-4CF9-92D9-0156E572FD17}.Debug|x64.ActiveCfg = Debug|Any CPU
		{019AE9B4-E029-4CF9-92D9-0156E572FD17}.Debug|x64.Build.0 = Debug|Any CPU
		{019AE9B4-E029-4CF9-92D9-0156E572FD17}.Release|Any CPU.ActiveCfg = Release|Any CPU
		{019AE9B4-E029-4CF9-92D9-0156E572FD17}.Release|Any CPU.Build.0 = Release|Any CPU
		{019AE9B4-E029-4CF9-92D9-0156E572FD17}.Release|x64.ActiveCfg = Release|Any CPU
		{019AE9B4-E029-4CF9-92D9-0156E572FD17}.Release|x64.Build.0 = Release|Any CPU
		{085F3C7E-1EB2-4FF3-A1D0-5E2ABC6F88F0}.Debug|Any CPU.ActiveCfg = Debug|Any CPU
		{085F3C7E-1EB2-4FF3-A1D0-5E2ABC6F88F0}.Debug|Any CPU.Build.0 = Debug|Any CPU
		{085F3C7E-1EB2-4FF3-A1D0-5E2ABC6F88F0}.Debug|x64.ActiveCfg = Debug|Any CPU
		{085F3C7E-1EB2-4FF3-A1D0-5E2ABC6F88F0}.Debug|x64.Build.0 = Debug|Any CPU
		{085F3C7E-1EB2-4FF3-A1D0-5E2ABC6F88F0}.Release|Any CPU.ActiveCfg = Release|Any CPU
		{085F3C7E-1EB2-4FF3-A1D0-5E2ABC6F88F0}.Release|Any CPU.Build.0 = Release|Any CPU
		{085F3C7E-1EB2-4FF3-A1D0-5E2ABC6F88F0}.Release|x64.ActiveCfg = Release|Any CPU
		{085F3C7E-1EB2-4FF3-A1D0-5E2ABC6F88F0}.Release|x64.Build.0 = Release|Any CPU
		{66776921-8D73-4ACD-B303-548DAA49BABA}.Debug|Any CPU.ActiveCfg = Debug|Any CPU
		{66776921-8D73-4ACD-B303-548DAA49BABA}.Debug|Any CPU.Build.0 = Debug|Any CPU
		{66776921-8D73-4ACD-B303-548DAA49BABA}.Debug|x64.ActiveCfg = Debug|Any CPU
		{66776921-8D73-4ACD-B303-548DAA49BABA}.Debug|x64.Build.0 = Debug|Any CPU
		{66776921-8D73-4ACD-B303-548DAA49BABA}.Release|Any CPU.ActiveCfg = Release|Any CPU
		{66776921-8D73-4ACD-B303-548DAA49BABA}.Release|Any CPU.Build.0 = Release|Any CPU
		{66776921-8D73-4ACD-B303-548DAA49BABA}.Release|x64.ActiveCfg = Release|Any CPU
		{66776921-8D73-4ACD-B303-548DAA49BABA}.Release|x64.Build.0 = Release|Any CPU
		{028909B9-9066-4FEA-857C-887136578E93}.Debug|Any CPU.ActiveCfg = Debug|Any CPU
		{028909B9-9066-4FEA-857C-887136578E93}.Debug|Any CPU.Build.0 = Debug|Any CPU
		{028909B9-9066-4FEA-857C-887136578E93}.Debug|x64.ActiveCfg = Debug|Any CPU
		{028909B9-9066-4FEA-857C-887136578E93}.Debug|x64.Build.0 = Debug|Any CPU
		{028909B9-9066-4FEA-857C-887136578E93}.Release|Any CPU.ActiveCfg = Release|Any CPU
		{028909B9-9066-4FEA-857C-887136578E93}.Release|Any CPU.Build.0 = Release|Any CPU
		{028909B9-9066-4FEA-857C-887136578E93}.Release|x64.ActiveCfg = Release|Any CPU
		{028909B9-9066-4FEA-857C-887136578E93}.Release|x64.Build.0 = Release|Any CPU
		{5B4C1C68-5ED8-4202-ADAE-70E7F0F03348}.Debug|Any CPU.ActiveCfg = Debug|Any CPU
		{5B4C1C68-5ED8-4202-ADAE-70E7F0F03348}.Debug|Any CPU.Build.0 = Debug|Any CPU
		{5B4C1C68-5ED8-4202-ADAE-70E7F0F03348}.Debug|x64.ActiveCfg = Debug|Any CPU
		{5B4C1C68-5ED8-4202-ADAE-70E7F0F03348}.Debug|x64.Build.0 = Debug|Any CPU
		{5B4C1C68-5ED8-4202-ADAE-70E7F0F03348}.Release|Any CPU.ActiveCfg = Release|Any CPU
		{5B4C1C68-5ED8-4202-ADAE-70E7F0F03348}.Release|Any CPU.Build.0 = Release|Any CPU
		{5B4C1C68-5ED8-4202-ADAE-70E7F0F03348}.Release|x64.ActiveCfg = Release|Any CPU
		{5B4C1C68-5ED8-4202-ADAE-70E7F0F03348}.Release|x64.Build.0 = Release|Any CPU
	EndGlobalSection
	GlobalSection(SolutionProperties) = preSolution
		HideSolutionNode = FALSE
	EndGlobalSection
	GlobalSection(NestedProjects) = preSolution
		{15E3B235-1200-4541-B6D9-FC180D71E3E9} = {CF6C449F-93FE-4340-9226-158AEAA940D0}
		{3D43D2FF-71FD-46B9-A866-D06AFBC880EA} = {15E3B235-1200-4541-B6D9-FC180D71E3E9}
		{4C8DE3D7-D113-4951-A6FD-105D9FD46FA0} = {E482E8CF-6F4A-4B95-89F3-9DF37A8B4A6C}
		{B89A9506-2F00-4410-8511-070184256CE9} = {4C8DE3D7-D113-4951-A6FD-105D9FD46FA0}
		{F6267804-9768-430D-8C05-8F0B851FB213} = {4C8DE3D7-D113-4951-A6FD-105D9FD46FA0}
		{A38B2988-D610-44D0-88F6-30F47596BFF4} = {4C8DE3D7-D113-4951-A6FD-105D9FD46FA0}
		{6F39460B-00A0-4072-ACEB-1B57E4403905} = {4C8DE3D7-D113-4951-A6FD-105D9FD46FA0}
		{198D1F68-0E1A-4F71-B491-93C971000983} = {6F39460B-00A0-4072-ACEB-1B57E4403905}
		{CFD546C7-F105-4ACC-AE45-AF5AE0B18585} = {6F39460B-00A0-4072-ACEB-1B57E4403905}
		{31A1C5FF-2AA7-4D8E-BD3A-FE5A65CCBD86} = {CF6C449F-93FE-4340-9226-158AEAA940D0}
		{085F3C7E-1EB2-4FF3-A1D0-5E2ABC6F88F0} = {E482E8CF-6F4A-4B95-89F3-9DF37A8B4A6C}
		{66776921-8D73-4ACD-B303-548DAA49BABA} = {D91C968D-31EE-4FCB-B8A5-337CECA591F2}
		{028909B9-9066-4FEA-857C-887136578E93} = {D91C968D-31EE-4FCB-B8A5-337CECA591F2}
		{5B4C1C68-5ED8-4202-ADAE-70E7F0F03348} = {1B06542B-F745-41FF-8054-347EDCC9F981}
	EndGlobalSection
	GlobalSection(ExtensibilityGlobals) = postSolution
		SolutionGuid = {BDEFF666-43BD-42F9-BF34-525814905DE3}
	EndGlobalSection
EndGlobal
